
Microsoft Visual Studio Solution File, Format Version 12.00
# Visual Studio Version 16
VisualStudioVersion = 16.0.33927.289
MinimumVisualStudioVersion = 10.0.40219.1
Project("{2150E333-8FDC-42A3-9474-1A3956D46DE8}") = "Task0", "Task0", "{7AF8A9F4-6C53-496D-89EE-742BBF041CBD}"
EndProject
Project("{FAE04EC0-301F-11D3-BF4B-00C04F79EFBC}") = "Tyuiu.GrigorjanAM.Sprint0.Task0.V0", "Tyuiu.GrigorjanAM.Sprint0.Task0.V0\Tyuiu.GrigorjanAM.Sprint0.Task0.V0.csproj", "{ACA4D12F-E839-4FE3-969B-985A2983B0B6}"
EndProject
Project("{2150E333-8FDC-42A3-9474-1A3956D46DE8}") = "Task1", "Task1", "{00494ABC-23A9-4EE9-927A-599DE3A1D258}"
EndProject
Project("{FAE04EC0-301F-11D3-BF4B-00C04F79EFBC}") = "Tyuiu.GrigorjanAM.Sprint0.Task1.V0", "Tyuiu.GrigorjanAM.Sprint0.Task1.V0\Tyuiu.GrigorjanAM.Sprint0.Task1.V0.csproj", "{4D3E0B1C-0D5E-4ACC-84E7-5ABBDA540A31}"
EndProject
Project("{2150E333-8FDC-42A3-9474-1A3956D46DE8}") = "Task2", "Task2", "{0F95DE8F-C52A-4ECB-88B5-6D23547C15BC}"
EndProject
Project("{FAE04EC0-301F-11D3-BF4B-00C04F79EFBC}") = "Tyuiu.GrigorjanAM.Sprint0.Task2.V0", "Tyuiu.GrigorjanAM.Sprint0.Task2.V0\Tyuiu.GrigorjanAM.Sprint0.Task2.V0.csproj", "{E19CB676-175A-45C5-92D2-AEB622320E4A}"
EndProject
Project("{FAE04EC0-301F-11D3-BF4B-00C04F79EFBC}") = "Tyuiu.GrigorjanAM.Sprint0.Task2.V0.Lib", "Tyuiu.GrigorjanAM.Sprint0.Task2.V0.Lib\Tyuiu.GrigorjanAM.Sprint0.Task2.V0.Lib.csproj", "{BFAF2311-8D29-412E-9B3E-7F85F4EFBD50}"
EndProject
Project("{FAE04EC0-301F-11D3-BF4B-00C04F79EFBC}") = "Tyuiu.GrigorjanAM.Sprint0.Task2.V0.Test", "Tyuiu.GrigorjanAM.Sprint0.Task2.V0.Test\Tyuiu.GrigorjanAM.Sprint0.Task2.V0.Test.csproj", "{791DE1A0-DDF7-49ED-9460-6FF587142EEA}"
EndProject
Project("{2150E333-8FDC-42A3-9474-1A3956D46DE8}") = "Task3", "Task3", "{6AD4C786-E354-45A3-A05E-F752DA693505}"
EndProject
Project("{FAE04EC0-301F-11D3-BF4B-00C04F79EFBC}") = "Tyuiu.GrigorjanAM.Sprint0.Task3.V0", "Tyuiu.GrigorjanAM.Sprint0.Task3.V0\Tyuiu.GrigorjanAM.Sprint0.Task3.V0.csproj", "{C075A714-EA36-4AC9-8F0D-B93D9E6E3C07}"
EndProject
Project("{FAE04EC0-301F-11D3-BF4B-00C04F79EFBC}") = "Tyuiu.GrigorjanAM.Sprint0.Task3.V0.Lib", "Tyuiu.GrigorjanAM.Sprint0.Task3.V0.Lib\Tyuiu.GrigorjanAM.Sprint0.Task3.V0.Lib.csproj", "{05488F9D-E61F-41CA-BF5B-12F7048D74A0}"
EndProject
Project("{FAE04EC0-301F-11D3-BF4B-00C04F79EFBC}") = "Tyuiu.GrigorjanAM.Sprint0.Task3.V0.Test", "Tyuiu.GrigorjanAM.Sprint0.Task3.V0.Test\Tyuiu.GrigorjanAM.Sprint0.Task3.V0.Test.csproj", "{E17E6609-8B16-4E6E-8A8D-788C40737954}"
EndProject
Project("{2150E333-8FDC-42A3-9474-1A3956D46DE8}") = "Task4", "Task4", "{92D164F9-731E-42A3-8479-D231B6EA7205}"
EndProject
Project("{FAE04EC0-301F-11D3-BF4B-00C04F79EFBC}") = "Tyuiu.GrigorjanAM.Sprint0.Task4.V0.Test", "Tyuiu.GrigorjanAM.Sprint0.Task4.V0.Test\Tyuiu.GrigorjanAM.Sprint0.Task4.V0.Test.csproj", "{5B986698-9BB5-4AD5-8C22-0FD6FB188D8F}"
EndProject
Project("{FAE04EC0-301F-11D3-BF4B-00C04F79EFBC}") = "Tyuiu.GrigorjanAM.Sprint0.Task4.V0", "Tyuiu.GrigorjanAM.Sprint0.Task4.V0\Tyuiu.GrigorjanAM.Sprint0.Task4.V0.csproj", "{54C906D2-B98D-4A57-95C1-89BCADC3FCB9}"
EndProject
Project("{FAE04EC0-301F-11D3-BF4B-00C04F79EFBC}") = "Tyuiu.GrigorjanAM.Sprint0.Task4.V0.Lib", "Tyuiu.GrigorjanAM.Sprint0.Task4.V0.Lib\Tyuiu.GrigorjanAM.Sprint0.Task4.V0.Lib.csproj", "{BB329879-9C41-4F55-9090-CA68537EC7CC}"
EndProject
Project("{2150E333-8FDC-42A3-9474-1A3956D46DE8}") = "Task5", "Task5", "{DD77D137-330D-4370-87E2-321A6E06932E}"
EndProject
Project("{FAE04EC0-301F-11D3-BF4B-00C04F79EFBC}") = "Tyuiu.GrigorjanAM.Sprint0.Task5.V0.Lib", "Tyuiu.GrigorjanAM.Sprint0.Task5.V0.Lib\Tyuiu.GrigorjanAM.Sprint0.Task5.V0.Lib.csproj", "{7C47CD38-B4EA-4B81-A07C-460DA8198C6E}"
EndProject
Project("{FAE04EC0-301F-11D3-BF4B-00C04F79EFBC}") = "Tyuiu.GrigorjanAM.Sprint0.Task5.V0.Test", "Tyuiu.GrigorjanAM.Sprint0.Task5.V0.Test\Tyuiu.GrigorjanAM.Sprint0.Task5.V0.Test.csproj", "{EEA5AD95-D055-4E20-A930-61C13DF7A652}"
EndProject
Project("{FAE04EC0-301F-11D3-BF4B-00C04F79EFBC}") = "Tyuiu.GrigorjanAM.Sprint0.Task5.V0", "Tyuiu.GrigorjanAM.Sprint0.Task5.V0\Tyuiu.GrigorjanAM.Sprint0.Task5.V0.csproj", "{A43D700C-B7CB-492C-96E0-A30E1310524A}"
EndProject
Project("{2150E333-8FDC-42A3-9474-1A3956D46DE8}") = "Task6", "Task6", "{C88771A0-53A8-4197-9358-A945EB8D90DB}"
EndProject
Project("{FAE04EC0-301F-11D3-BF4B-00C04F79EFBC}") = "Tyuiu.GrigorjanAM.Sprint0.Task6.V0", "Tyuiu.GrigorjanAM.Sprint0.Task6.V0\Tyuiu.GrigorjanAM.Sprint0.Task6.V0.csproj", "{7A7466A4-6A5C-4BB1-8A67-7EFDF59574F2}"
EndProject
Project("{FAE04EC0-301F-11D3-BF4B-00C04F79EFBC}") = "Tyuiu.GrigorjanAM.Sprint0.Task6.V0.Lib", "Tyuiu.GrigorjanAM.Sprint0.Task6.V0.Lib\Tyuiu.GrigorjanAM.Sprint0.Task6.V0.Lib.csproj", "{D93A61F5-38BF-48BC-8A72-61A872B51CDC}"
EndProject
Project("{FAE04EC0-301F-11D3-BF4B-00C04F79EFBC}") = "Tyuiu.GrigorjanAM.Sprint0.Task6.V0.Test", "Tyuiu.GrigorjanAM.Sprint0.Task6.V0.Test\Tyuiu.GrigorjanAM.Sprint0.Task6.V0.Test.csproj", "{18DFDD31-0350-4700-99A1-6038CBECE2FB}"
EndProject
Global
	GlobalSection(SolutionConfigurationPlatforms) = preSolution
		Debug|Any CPU = Debug|Any CPU
		Release|Any CPU = Release|Any CPU
	EndGlobalSection
	GlobalSection(ProjectConfigurationPlatforms) = postSolution
		{ACA4D12F-E839-4FE3-969B-985A2983B0B6}.Debug|Any CPU.ActiveCfg = Debug|Any CPU
		{ACA4D12F-E839-4FE3-969B-985A2983B0B6}.Debug|Any CPU.Build.0 = Debug|Any CPU
		{ACA4D12F-E839-4FE3-969B-985A2983B0B6}.Release|Any CPU.ActiveCfg = Release|Any CPU
		{ACA4D12F-E839-4FE3-969B-985A2983B0B6}.Release|Any CPU.Build.0 = Release|Any CPU
		{4D3E0B1C-0D5E-4ACC-84E7-5ABBDA540A31}.Debug|Any CPU.ActiveCfg = Debug|Any CPU
		{4D3E0B1C-0D5E-4ACC-84E7-5ABBDA540A31}.Debug|Any CPU.Build.0 = Debug|Any CPU
		{4D3E0B1C-0D5E-4ACC-84E7-5ABBDA540A31}.Release|Any CPU.ActiveCfg = Release|Any CPU
		{4D3E0B1C-0D5E-4ACC-84E7-5ABBDA540A31}.Release|Any CPU.Build.0 = Release|Any CPU
		{E19CB676-175A-45C5-92D2-AEB622320E4A}.Debug|Any CPU.ActiveCfg = Debug|Any CPU
		{E19CB676-175A-45C5-92D2-AEB622320E4A}.Debug|Any CPU.Build.0 = Debug|Any CPU
		{E19CB676-175A-45C5-92D2-AEB622320E4A}.Release|Any CPU.ActiveCfg = Release|Any CPU
		{E19CB676-175A-45C5-92D2-AEB622320E4A}.Release|Any CPU.Build.0 = Release|Any CPU
		{BFAF2311-8D29-412E-9B3E-7F85F4EFBD50}.Debug|Any CPU.ActiveCfg = Debug|Any CPU
		{BFAF2311-8D29-412E-9B3E-7F85F4EFBD50}.Debug|Any CPU.Build.0 = Debug|Any CPU
		{BFAF2311-8D29-412E-9B3E-7F85F4EFBD50}.Release|Any CPU.ActiveCfg = Release|Any CPU
		{BFAF2311-8D29-412E-9B3E-7F85F4EFBD50}.Release|Any CPU.Build.0 = Release|Any CPU
		{791DE1A0-DDF7-49ED-9460-6FF587142EEA}.Debug|Any CPU.ActiveCfg = Debug|Any CPU
		{791DE1A0-DDF7-49ED-9460-6FF587142EEA}.Debug|Any CPU.Build.0 = Debug|Any CPU
		{791DE1A0-DDF7-49ED-9460-6FF587142EEA}.Release|Any CPU.ActiveCfg = Release|Any CPU
		{791DE1A0-DDF7-49ED-9460-6FF587142EEA}.Release|Any CPU.Build.0 = Release|Any CPU
		{C075A714-EA36-4AC9-8F0D-B93D9E6E3C07}.Debug|Any CPU.ActiveCfg = Debug|Any CPU
		{C075A714-EA36-4AC9-8F0D-B93D9E6E3C07}.Debug|Any CPU.Build.0 = Debug|Any CPU
		{C075A714-EA36-4AC9-8F0D-B93D9E6E3C07}.Release|Any CPU.ActiveCfg = Release|Any CPU
		{C075A714-EA36-4AC9-8F0D-B93D9E6E3C07}.Release|Any CPU.Build.0 = Release|Any CPU
		{05488F9D-E61F-41CA-BF5B-12F7048D74A0}.Debug|Any CPU.ActiveCfg = Debug|Any CPU
		{05488F9D-E61F-41CA-BF5B-12F7048D74A0}.Debug|Any CPU.Build.0 = Debug|Any CPU
		{05488F9D-E61F-41CA-BF5B-12F7048D74A0}.Release|Any CPU.ActiveCfg = Release|Any CPU
		{05488F9D-E61F-41CA-BF5B-12F7048D74A0}.Release|Any CPU.Build.0 = Release|Any CPU
		{E17E6609-8B16-4E6E-8A8D-788C40737954}.Debug|Any CPU.ActiveCfg = Debug|Any CPU
		{E17E6609-8B16-4E6E-8A8D-788C40737954}.Debug|Any CPU.Build.0 = Debug|Any CPU
		{E17E6609-8B16-4E6E-8A8D-788C40737954}.Release|Any CPU.ActiveCfg = Release|Any CPU
		{E17E6609-8B16-4E6E-8A8D-788C40737954}.Release|Any CPU.Build.0 = Release|Any CPU
		{5B986698-9BB5-4AD5-8C22-0FD6FB188D8F}.Debug|Any CPU.ActiveCfg = Debug|Any CPU
		{5B986698-9BB5-4AD5-8C22-0FD6FB188D8F}.Debug|Any CPU.Build.0 = Debug|Any CPU
		{5B986698-9BB5-4AD5-8C22-0FD6FB188D8F}.Release|Any CPU.ActiveCfg = Release|Any CPU
		{5B986698-9BB5-4AD5-8C22-0FD6FB188D8F}.Release|Any CPU.Build.0 = Release|Any CPU
		{54C906D2-B98D-4A57-95C1-89BCADC3FCB9}.Debug|Any CPU.ActiveCfg = Debug|Any CPU
		{54C906D2-B98D-4A57-95C1-89BCADC3FCB9}.Debug|Any CPU.Build.0 = Debug|Any CPU
		{54C906D2-B98D-4A57-95C1-89BCADC3FCB9}.Release|Any CPU.ActiveCfg = Release|Any CPU
		{54C906D2-B98D-4A57-95C1-89BCADC3FCB9}.Release|Any CPU.Build.0 = Release|Any CPU
		{BB329879-9C41-4F55-9090-CA68537EC7CC}.Debug|Any CPU.ActiveCfg = Debug|Any CPU
		{BB329879-9C41-4F55-9090-CA68537EC7CC}.Debug|Any CPU.Build.0 = Debug|Any CPU
		{BB329879-9C41-4F55-9090-CA68537EC7CC}.Release|Any CPU.ActiveCfg = Release|Any CPU
		{BB329879-9C41-4F55-9090-CA68537EC7CC}.Release|Any CPU.Build.0 = Release|Any CPU
		{7C47CD38-B4EA-4B81-A07C-460DA8198C6E}.Debug|Any CPU.ActiveCfg = Debug|Any CPU
		{7C47CD38-B4EA-4B81-A07C-460DA8198C6E}.Debug|Any CPU.Build.0 = Debug|Any CPU
		{7C47CD38-B4EA-4B81-A07C-460DA8198C6E}.Release|Any CPU.ActiveCfg = Release|Any CPU
		{7C47CD38-B4EA-4B81-A07C-460DA8198C6E}.Release|Any CPU.Build.0 = Release|Any CPU
		{EEA5AD95-D055-4E20-A930-61C13DF7A652}.Debug|Any CPU.ActiveCfg = Debug|Any CPU
		{EEA5AD95-D055-4E20-A930-61C13DF7A652}.Debug|Any CPU.Build.0 = Debug|Any CPU
		{EEA5AD95-D055-4E20-A930-61C13DF7A652}.Release|Any CPU.ActiveCfg = Release|Any CPU
		{EEA5AD95-D055-4E20-A930-61C13DF7A652}.Release|Any CPU.Build.0 = Release|Any CPU
		{A43D700C-B7CB-492C-96E0-A30E1310524A}.Debug|Any CPU.ActiveCfg = Debug|Any CPU
		{A43D700C-B7CB-492C-96E0-A30E1310524A}.Debug|Any CPU.Build.0 = Debug|Any CPU
		{A43D700C-B7CB-492C-96E0-A30E1310524A}.Release|Any CPU.ActiveCfg = Release|Any CPU
		{A43D700C-B7CB-492C-96E0-A30E1310524A}.Release|Any CPU.Build.0 = Release|Any CPU
		{7A7466A4-6A5C-4BB1-8A67-7EFDF59574F2}.Debug|Any CPU.ActiveCfg = Debug|Any CPU
		{7A7466A4-6A5C-4BB1-8A67-7EFDF59574F2}.Debug|Any CPU.Build.0 = Debug|Any CPU
		{7A7466A4-6A5C-4BB1-8A67-7EFDF59574F2}.Release|Any CPU.ActiveCfg = Release|Any CPU
		{7A7466A4-6A5C-4BB1-8A67-7EFDF59574F2}.Release|Any CPU.Build.0 = Release|Any CPU
		{D93A61F5-38BF-48BC-8A72-61A872B51CDC}.Debug|Any CPU.ActiveCfg = Debug|Any CPU
		{D93A61F5-38BF-48BC-8A72-61A872B51CDC}.Debug|Any CPU.Build.0 = Debug|Any CPU
		{D93A61F5-38BF-48BC-8A72-61A872B51CDC}.Release|Any CPU.ActiveCfg = Release|Any CPU
		{D93A61F5-38BF-48BC-8A72-61A872B51CDC}.Release|Any CPU.Build.0 = Release|Any CPU
		{18DFDD31-0350-4700-99A1-6038CBECE2FB}.Debug|Any CPU.ActiveCfg = Debug|Any CPU
		{18DFDD31-0350-4700-99A1-6038CBECE2FB}.Debug|Any CPU.Build.0 = Debug|Any CPU
		{18DFDD31-0350-4700-99A1-6038CBECE2FB}.Release|Any CPU.ActiveCfg = Release|Any CPU
		{18DFDD31-0350-4700-99A1-6038CBECE2FB}.Release|Any CPU.Build.0 = Release|Any CPU
	EndGlobalSection
	GlobalSection(SolutionProperties) = preSolution
		HideSolutionNode = FALSE
	EndGlobalSection
	GlobalSection(NestedProjects) = preSolution
		{ACA4D12F-E839-4FE3-969B-985A2983B0B6} = {7AF8A9F4-6C53-496D-89EE-742BBF041CBD}
		{4D3E0B1C-0D5E-4ACC-84E7-5ABBDA540A31} = {00494ABC-23A9-4EE9-927A-599DE3A1D258}
		{E19CB676-175A-45C5-92D2-AEB622320E4A} = {0F95DE8F-C52A-4ECB-88B5-6D23547C15BC}
		{BFAF2311-8D29-412E-9B3E-7F85F4EFBD50} = {0F95DE8F-C52A-4ECB-88B5-6D23547C15BC}
		{791DE1A0-DDF7-49ED-9460-6FF587142EEA} = {0F95DE8F-C52A-4ECB-88B5-6D23547C15BC}
		{C075A714-EA36-4AC9-8F0D-B93D9E6E3C07} = {6AD4C786-E354-45A3-A05E-F752DA693505}
		{05488F9D-E61F-41CA-BF5B-12F7048D74A0} = {6AD4C786-E354-45A3-A05E-F752DA693505}
		{E17E6609-8B16-4E6E-8A8D-788C40737954} = {6AD4C786-E354-45A3-A05E-F752DA693505}
		{5B986698-9BB5-4AD5-8C22-0FD6FB188D8F} = {92D164F9-731E-42A3-8479-D231B6EA7205}
		{54C906D2-B98D-4A57-95C1-89BCADC3FCB9} = {92D164F9-731E-42A3-8479-D231B6EA7205}
		{BB329879-9C41-4F55-9090-CA68537EC7CC} = {92D164F9-731E-42A3-8479-D231B6EA7205}
		{7C47CD38-B4EA-4B81-A07C-460DA8198C6E} = {DD77D137-330D-4370-87E2-321A6E06932E}
		{EEA5AD95-D055-4E20-A930-61C13DF7A652} = {DD77D137-330D-4370-87E2-321A6E06932E}
		{A43D700C-B7CB-492C-96E0-A30E1310524A} = {DD77D137-330D-4370-87E2-321A6E06932E}
		{7A7466A4-6A5C-4BB1-8A67-7EFDF59574F2} = {C88771A0-53A8-4197-9358-A945EB8D90DB}
		{D93A61F5-38BF-48BC-8A72-61A872B51CDC} = {C88771A0-53A8-4197-9358-A945EB8D90DB}
		{18DFDD31-0350-4700-99A1-6038CBECE2FB} = {C88771A0-53A8-4197-9358-A945EB8D90DB}
	EndGlobalSection
	GlobalSection(ExtensibilityGlobals) = postSolution
		SolutionGuid = {E7E0F2C9-7F20-4103-819C-27B3BB1AD4EE}
	EndGlobalSection
EndGlobal
