
Microsoft Visual Studio Solution File, Format Version 12.00
# Visual Studio Version 16
VisualStudioVersion = 16.0.33927.289
MinimumVisualStudioVersion = 10.0.40219.1
Project("{2150E333-8FDC-42A3-9474-1A3956D46DE8}") = "Task0", "Task0", "{7AF8A9F4-6C53-496D-89EE-742BBF041CBD}"
EndProject
Project("{FAE04EC0-301F-11D3-BF4B-00C04F79EFBC}") = "Tyuiu.GrigorjanAM.Sprint0.Task0.V0", "Tyuiu.GrigorjanAM.Sprint0.Task0.V0\Tyuiu.GrigorjanAM.Sprint0.Task0.V0.csproj", "{ACA4D12F-E839-4FE3-969B-985A2983B0B6}"
EndProject
Project("{2150E333-8FDC-42A3-9474-1A3956D46DE8}") = "Task1", "Task1", "{00494ABC-23A9-4EE9-927A-599DE3A1D258}"
EndProject
Project("{FAE04EC0-301F-11D3-BF4B-00C04F79EFBC}") = "Tyuiu.GrigorjanAM.Sprint0.Task1.V0", "Tyuiu.GrigorjanAM.Sprint0.Task1.V0\Tyuiu.GrigorjanAM.Sprint0.Task1.V0.csproj", "{4D3E0B1C-0D5E-4ACC-84E7-5ABBDA540A31}"
EndProject
Global
	GlobalSection(SolutionConfigurationPlatforms) = preSolution
		Debug|Any CPU = Debug|Any CPU
		Release|Any CPU = Release|Any CPU
	EndGlobalSection
	GlobalSection(ProjectConfigurationPlatforms) = postSolution
		{ACA4D12F-E839-4FE3-969B-985A2983B0B6}.Debug|Any CPU.ActiveCfg = Debug|Any CPU
		{ACA4D12F-E839-4FE3-969B-985A2983B0B6}.Debug|Any CPU.Build.0 = Debug|Any CPU
		{ACA4D12F-E839-4FE3-969B-985A2983B0B6}.Release|Any CPU.ActiveCfg = Release|Any CPU
		{ACA4D12F-E839-4FE3-969B-985A2983B0B6}.Release|Any CPU.Build.0 = Release|Any CPU
		{4D3E0B1C-0D5E-4ACC-84E7-5ABBDA540A31}.Debug|Any CPU.ActiveCfg = Debug|Any CPU
		{4D3E0B1C-0D5E-4ACC-84E7-5ABBDA540A31}.Debug|Any CPU.Build.0 = Debug|Any CPU
		{4D3E0B1C-0D5E-4ACC-84E7-5ABBDA540A31}.Release|Any CPU.ActiveCfg = Release|Any CPU
		{4D3E0B1C-0D5E-4ACC-84E7-5ABBDA540A31}.Release|Any CPU.Build.0 = Release|Any CPU
	EndGlobalSection
	GlobalSection(SolutionProperties) = preSolution
		HideSolutionNode = FALSE
	EndGlobalSection
	GlobalSection(NestedProjects) = preSolution
		{ACA4D12F-E839-4FE3-969B-985A2983B0B6} = {7AF8A9F4-6C53-496D-89EE-742BBF041CBD}
		{4D3E0B1C-0D5E-4ACC-84E7-5ABBDA540A31} = {00494ABC-23A9-4EE9-927A-599DE3A1D258}
	EndGlobalSection
	GlobalSection(ExtensibilityGlobals) = postSolution
		SolutionGuid = {E7E0F2C9-7F20-4103-819C-27B3BB1AD4EE}
	EndGlobalSection
EndGlobal
